{
    "_readme": [
        "This file locks the dependencies of your project to a known state",
        "Read more about it at https://getcomposer.org/doc/01-basic-usage.md#installing-dependencies",
        "This file is @generated automatically"
    ],
    "content-hash": "808f6b7aedd52fecd0caf7cea300c9d5",
    "packages": [
        {
            "name": "shuchkin/simplexls",
            "version": "0.10.5",
            "source": {
                "type": "git",
                "url": "https://github.com/shuchkin/simplexls.git",
                "reference": "b4fdcbe8410f276d51cdb95146c7a6ae4012f73c"
            },
            "dist": {
                "type": "zip",
                "url": "https://api.github.com/repos/shuchkin/simplexls/zipball/b4fdcbe8410f276d51cdb95146c7a6ae4012f73c",
                "reference": "b4fdcbe8410f276d51cdb95146c7a6ae4012f73c",
                "shasum": ""
            },
            "require": {
                "ext-mbstring": "*"
            },
            "type": "library",
            "autoload": {
                "classmap": [
                    "src/SimpleXLS.php"
                ]
            },
            "notification-url": "https://packagist.org/downloads/",
            "license": [
                "MIT"
            ],
            "authors": [
                {
                    "name": "Sergey Shuchkin (SMSPILOT)",
                    "email": "sergey.shuchkin@gmail.com",
                    "homepage": "http://www.shuchkin.ru/"
                }
            ],
            "description": "Parse and retrieve data from old format Excel XLS files. MS Excel 97 workbooks PHP reader.",
            "homepage": "https://github.com/shuchkin/simplexls",
            "keywords": [
                "backend",
                "excel",
                "parser",
                "php",
                "xls"
            ],
            "support": {
                "issues": "https://github.com/shuchkin/simplexls/issues",
                "source": "https://github.com/shuchkin/simplexls/tree/0.10.5"
            },
            "time": "2024-09-17T18:11:23+00:00"
        },
        {
            "name": "shuchkin/simplexlsxgen",
            "version": "1.4.12",
            "source": {
                "type": "git",
                "url": "https://github.com/shuchkin/simplexlsxgen.git",
                "reference": "4dffbd72ffaaa57022a50d770f30fa1efe3500a0"
            },
            "dist": {
                "type": "zip",
                "url": "https://api.github.com/repos/shuchkin/simplexlsxgen/zipball/4dffbd72ffaaa57022a50d770f30fa1efe3500a0",
                "reference": "4dffbd72ffaaa57022a50d770f30fa1efe3500a0",
                "shasum": ""
            },
            "require": {
                "ext-mbstring": "*",
                "ext-zlib": "*",
                "php": ">=5.4"
            },
            "type": "library",
            "autoload": {
                "classmap": [
                    "src/SimpleXLSXGen.php"
                ]
            },
            "notification-url": "https://packagist.org/downloads/",
            "license": [
                "MIT"
            ],
            "authors": [
                {
                    "name": "Sergey Shuchkin (SMSPILOT)",
                    "email": "sergey.shuchkin@gmail.com",
                    "homepage": "https://shuchkin.ru/"
                }
            ],
            "description": "Export data to Excel XLSx file. PHP XLSX generator.",
            "homepage": "https://github.com/shuchkin/simplexlsxgen",
            "keywords": [
                "backend",
                "creator",
                "excel",
                "generator",
                "php",
                "writer",
                "xlsx"
            ],
            "support": {
                "issues": "https://github.com/shuchkin/simplexlsxgen/issues",
                "source": "https://github.com/shuchkin/simplexlsxgen/tree/1.4.12"
            },
            "time": "2024-07-28T10:07:02+00:00"
        }
    ],
    "packages-dev": [],
    "aliases": [],
    "minimum-stability": "stable",
    "stability-flags": [],
    "prefer-stable": false,
    "prefer-lowest": false,
    "platform": [],
    "platform-dev": [],
    "plugin-api-version": "2.6.0"
}
